
Microsoft Visual Studio Solution File, Format Version 12.00
# Visual Studio Version 17
VisualStudioVersion = 17.5.33103.201
MinimumVisualStudioVersion = 10.0.40219.1
Project("{9A19103F-16F7-4668-BE54-9A1E7A4F7556}") = "Nabu.NetSimWeb", "Nabu.NetSimWeb\Nabu.NetSimWeb.csproj", "{D2182A90-F8B1-46C2-B5CE-24344C079169}"
EndProject
Project("{9A19103F-16F7-4668-BE54-9A1E7A4F7556}") = "Nabu.NetSim.UI", "Nabu.NetSim.UI\Nabu.NetSim.UI.csproj", "{15DA10F0-0D14-45D2-A66F-B16089E4C964}"
EndProject
Project("{2150E333-8FDC-42A3-9474-1A3956D46DE8}") = "Core", "Core", "{A52FB5AF-5FDE-4678-96DB-B99651C0BBAF}"
EndProject
Project("{9A19103F-16F7-4668-BE54-9A1E7A4F7556}") = "LibNabu.JavaScript", "Legacy\LibNabu.JavaScript\LibNabu.JavaScript.csproj", "{56D9A79E-7D43-4778-AC6B-759B7DC5D372}"
EndProject
Project("{2150E333-8FDC-42A3-9474-1A3956D46DE8}") = "Dependencies", "Dependencies", "{F72C1E7E-CFE7-45C0-B257-52FE1B7C98DF}"
EndProject
Project("{2150E333-8FDC-42A3-9474-1A3956D46DE8}") = "Extensions", "Extensions", "{6A50525C-39E9-4C83-9949-4858C0F7AF98}"
EndProject
Project("{9A19103F-16F7-4668-BE54-9A1E7A4F7556}") = "LibNapa", "Dependencies\LibNapa\LibNapa.csproj", "{ABB314B2-47D2-4739-A51A-8A8B1A4112D7}"
EndProject
Project("{9A19103F-16F7-4668-BE54-9A1E7A4F7556}") = "LibNabu.Console", "Legacy\LibNabu.Console\LibNabu.Console.csproj", "{DD0912BF-F626-4C5A-883A-B2D4DD9175E8}"
EndProject
Project("{2150E333-8FDC-42A3-9474-1A3956D46DE8}") = "Plugins", "Plugins", "{7AED876F-A2DF-4ADD-8B9D-DE454DA2BC3C}"
EndProject
Project("{9092AA53-FB77-4645-B42D-1CCCA6BD08BD}") = "nns-extender", "Plugins\nns-extender\nns-extender.njsproj", "{E3A27BFB-2540-4624-9091-F06A3E625686}"
EndProject
Project("{9092AA53-FB77-4645-B42D-1CCCA6BD08BD}") = "nns-example-plugin", "Plugins\nns-example-plugin\nns-example-plugin.njsproj", "{E7048418-CEA6-4A1E-913B-45147DE63159}"
EndProject
Project("{9A19103F-16F7-4668-BE54-9A1E7A4F7556}") = "Gry.Services", "Dependencies\Gry.Services\Gry.Services.csproj", "{35351592-801E-47C4-AFEF-170EE8BC76D0}"
EndProject
Project("{9A19103F-16F7-4668-BE54-9A1E7A4F7556}") = "Gry.Base", "Dependencies\Gry.Base\Gry.Base.csproj", "{0C7AA022-4B74-4AF3-B64C-4B0836C80D60}"
EndProject
Project("{9A19103F-16F7-4668-BE54-9A1E7A4F7556}") = "Nabu.Lib", "Nabu.Lib\Nabu.Lib.csproj", "{C1F40CAD-42D7-4341-917D-41B4246157F6}"
EndProject
Project("{2150E333-8FDC-42A3-9474-1A3956D46DE8}") = "Apps", "Apps", "{D1A8C1FF-D559-44A3-A64F-EB373D7C0FEF}"
EndProject
Project("{9A19103F-16F7-4668-BE54-9A1E7A4F7556}") = "NHACPy", "NHACPy\NHACPy.csproj", "{27BA8B8B-226B-460B-ACA7-A95742C8A1EC}"
EndProject
Project("{9A19103F-16F7-4668-BE54-9A1E7A4F7556}") = "NHACP.Protocol", "NHACP.Protocol\NHACP.Protocol.csproj", "{79CC15FD-6502-4705-B900-BCE41E7DC586}"
EndProject
Project("{2150E333-8FDC-42A3-9474-1A3956D46DE8}") = "Solution Items", "Solution Items", "{71610541-C728-4676-B888-8617B32FB2E6}"
EndProject
Project("{9A19103F-16F7-4668-BE54-9A1E7A4F7556}") = "Gry.Caching", "Dependencies\Gry.Caching\Gry.Caching.csproj", "{9CE2E463-DF0F-488F-8F37-EAF0311641F3}"
EndProject
Project("{9A19103F-16F7-4668-BE54-9A1E7A4F7556}") = "Lgc", "Dependencies\Lgc\Lgc.csproj", "{C9618C78-5ACF-4BA4-8036-B7DDC2B56904}"
EndProject
Global
	GlobalSection(SolutionConfigurationPlatforms) = preSolution
		Debug|Any CPU = Debug|Any CPU
		Debug|x64 = Debug|x64
		Release|Any CPU = Release|Any CPU
		Release|x64 = Release|x64
	EndGlobalSection
	GlobalSection(ProjectConfigurationPlatforms) = postSolution
		{D2182A90-F8B1-46C2-B5CE-24344C079169}.Debug|Any CPU.ActiveCfg = Debug|Any CPU
		{D2182A90-F8B1-46C2-B5CE-24344C079169}.Debug|Any CPU.Build.0 = Debug|Any CPU
		{D2182A90-F8B1-46C2-B5CE-24344C079169}.Debug|x64.ActiveCfg = Debug|x64
		{D2182A90-F8B1-46C2-B5CE-24344C079169}.Debug|x64.Build.0 = Debug|x64
		{D2182A90-F8B1-46C2-B5CE-24344C079169}.Release|Any CPU.ActiveCfg = Release|Any CPU
		{D2182A90-F8B1-46C2-B5CE-24344C079169}.Release|Any CPU.Build.0 = Release|Any CPU
		{D2182A90-F8B1-46C2-B5CE-24344C079169}.Release|x64.ActiveCfg = Release|x64
		{D2182A90-F8B1-46C2-B5CE-24344C079169}.Release|x64.Build.0 = Release|x64
		{15DA10F0-0D14-45D2-A66F-B16089E4C964}.Debug|Any CPU.ActiveCfg = Debug|Any CPU
		{15DA10F0-0D14-45D2-A66F-B16089E4C964}.Debug|Any CPU.Build.0 = Debug|Any CPU
		{15DA10F0-0D14-45D2-A66F-B16089E4C964}.Debug|x64.ActiveCfg = Debug|x64
		{15DA10F0-0D14-45D2-A66F-B16089E4C964}.Debug|x64.Build.0 = Debug|x64
		{15DA10F0-0D14-45D2-A66F-B16089E4C964}.Release|Any CPU.ActiveCfg = Release|Any CPU
		{15DA10F0-0D14-45D2-A66F-B16089E4C964}.Release|Any CPU.Build.0 = Release|Any CPU
		{15DA10F0-0D14-45D2-A66F-B16089E4C964}.Release|x64.ActiveCfg = Release|x64
		{15DA10F0-0D14-45D2-A66F-B16089E4C964}.Release|x64.Build.0 = Release|x64
		{56D9A79E-7D43-4778-AC6B-759B7DC5D372}.Debug|Any CPU.ActiveCfg = Debug|Any CPU
		{56D9A79E-7D43-4778-AC6B-759B7DC5D372}.Debug|Any CPU.Build.0 = Debug|Any CPU
		{56D9A79E-7D43-4778-AC6B-759B7DC5D372}.Debug|x64.ActiveCfg = Debug|Any CPU
		{56D9A79E-7D43-4778-AC6B-759B7DC5D372}.Debug|x64.Build.0 = Debug|Any CPU
		{56D9A79E-7D43-4778-AC6B-759B7DC5D372}.Release|Any CPU.ActiveCfg = Release|Any CPU
		{56D9A79E-7D43-4778-AC6B-759B7DC5D372}.Release|Any CPU.Build.0 = Release|Any CPU
		{56D9A79E-7D43-4778-AC6B-759B7DC5D372}.Release|x64.ActiveCfg = Release|Any CPU
		{56D9A79E-7D43-4778-AC6B-759B7DC5D372}.Release|x64.Build.0 = Release|Any CPU
		{ABB314B2-47D2-4739-A51A-8A8B1A4112D7}.Debug|Any CPU.ActiveCfg = Debug|Any CPU
		{ABB314B2-47D2-4739-A51A-8A8B1A4112D7}.Debug|Any CPU.Build.0 = Debug|Any CPU
		{ABB314B2-47D2-4739-A51A-8A8B1A4112D7}.Debug|x64.ActiveCfg = Debug|Any CPU
		{ABB314B2-47D2-4739-A51A-8A8B1A4112D7}.Debug|x64.Build.0 = Debug|Any CPU
		{ABB314B2-47D2-4739-A51A-8A8B1A4112D7}.Release|Any CPU.ActiveCfg = Release|Any CPU
		{ABB314B2-47D2-4739-A51A-8A8B1A4112D7}.Release|Any CPU.Build.0 = Release|Any CPU
		{ABB314B2-47D2-4739-A51A-8A8B1A4112D7}.Release|x64.ActiveCfg = Release|Any CPU
		{ABB314B2-47D2-4739-A51A-8A8B1A4112D7}.Release|x64.Build.0 = Release|Any CPU
		{DD0912BF-F626-4C5A-883A-B2D4DD9175E8}.Debug|Any CPU.ActiveCfg = Debug|Any CPU
		{DD0912BF-F626-4C5A-883A-B2D4DD9175E8}.Debug|Any CPU.Build.0 = Debug|Any CPU
		{DD0912BF-F626-4C5A-883A-B2D4DD9175E8}.Debug|x64.ActiveCfg = Debug|Any CPU
		{DD0912BF-F626-4C5A-883A-B2D4DD9175E8}.Debug|x64.Build.0 = Debug|Any CPU
		{DD0912BF-F626-4C5A-883A-B2D4DD9175E8}.Release|Any CPU.ActiveCfg = Release|Any CPU
		{DD0912BF-F626-4C5A-883A-B2D4DD9175E8}.Release|Any CPU.Build.0 = Release|Any CPU
		{DD0912BF-F626-4C5A-883A-B2D4DD9175E8}.Release|x64.ActiveCfg = Release|Any CPU
		{DD0912BF-F626-4C5A-883A-B2D4DD9175E8}.Release|x64.Build.0 = Release|Any CPU
		{E3A27BFB-2540-4624-9091-F06A3E625686}.Debug|Any CPU.ActiveCfg = Debug|Any CPU
		{E3A27BFB-2540-4624-9091-F06A3E625686}.Debug|Any CPU.Build.0 = Debug|Any CPU
		{E3A27BFB-2540-4624-9091-F06A3E625686}.Debug|x64.ActiveCfg = Debug|Any CPU
		{E3A27BFB-2540-4624-9091-F06A3E625686}.Debug|x64.Build.0 = Debug|Any CPU
		{E3A27BFB-2540-4624-9091-F06A3E625686}.Release|Any CPU.ActiveCfg = Release|Any CPU
		{E3A27BFB-2540-4624-9091-F06A3E625686}.Release|Any CPU.Build.0 = Release|Any CPU
		{E3A27BFB-2540-4624-9091-F06A3E625686}.Release|x64.ActiveCfg = Release|Any CPU
		{E3A27BFB-2540-4624-9091-F06A3E625686}.Release|x64.Build.0 = Release|Any CPU
		{E7048418-CEA6-4A1E-913B-45147DE63159}.Debug|Any CPU.ActiveCfg = Debug|Any CPU
		{E7048418-CEA6-4A1E-913B-45147DE63159}.Debug|Any CPU.Build.0 = Debug|Any CPU
		{E7048418-CEA6-4A1E-913B-45147DE63159}.Debug|x64.ActiveCfg = Debug|Any CPU
		{E7048418-CEA6-4A1E-913B-45147DE63159}.Debug|x64.Build.0 = Debug|Any CPU
		{E7048418-CEA6-4A1E-913B-45147DE63159}.Release|Any CPU.ActiveCfg = Release|Any CPU
		{E7048418-CEA6-4A1E-913B-45147DE63159}.Release|Any CPU.Build.0 = Release|Any CPU
		{E7048418-CEA6-4A1E-913B-45147DE63159}.Release|x64.ActiveCfg = Release|Any CPU
		{E7048418-CEA6-4A1E-913B-45147DE63159}.Release|x64.Build.0 = Release|Any CPU
		{35351592-801E-47C4-AFEF-170EE8BC76D0}.Debug|Any CPU.ActiveCfg = Debug|Any CPU
		{35351592-801E-47C4-AFEF-170EE8BC76D0}.Debug|Any CPU.Build.0 = Debug|Any CPU
		{35351592-801E-47C4-AFEF-170EE8BC76D0}.Debug|x64.ActiveCfg = Debug|Any CPU
		{35351592-801E-47C4-AFEF-170EE8BC76D0}.Debug|x64.Build.0 = Debug|Any CPU
		{35351592-801E-47C4-AFEF-170EE8BC76D0}.Release|Any CPU.ActiveCfg = Release|Any CPU
		{35351592-801E-47C4-AFEF-170EE8BC76D0}.Release|Any CPU.Build.0 = Release|Any CPU
		{35351592-801E-47C4-AFEF-170EE8BC76D0}.Release|x64.ActiveCfg = Release|Any CPU
		{35351592-801E-47C4-AFEF-170EE8BC76D0}.Release|x64.Build.0 = Release|Any CPU
		{0C7AA022-4B74-4AF3-B64C-4B0836C80D60}.Debug|Any CPU.ActiveCfg = Debug|Any CPU
		{0C7AA022-4B74-4AF3-B64C-4B0836C80D60}.Debug|Any CPU.Build.0 = Debug|Any CPU
		{0C7AA022-4B74-4AF3-B64C-4B0836C80D60}.Debug|x64.ActiveCfg = Debug|Any CPU
		{0C7AA022-4B74-4AF3-B64C-4B0836C80D60}.Debug|x64.Build.0 = Debug|Any CPU
		{0C7AA022-4B74-4AF3-B64C-4B0836C80D60}.Release|Any CPU.ActiveCfg = Release|Any CPU
		{0C7AA022-4B74-4AF3-B64C-4B0836C80D60}.Release|Any CPU.Build.0 = Release|Any CPU
		{0C7AA022-4B74-4AF3-B64C-4B0836C80D60}.Release|x64.ActiveCfg = Release|Any CPU
		{0C7AA022-4B74-4AF3-B64C-4B0836C80D60}.Release|x64.Build.0 = Release|Any CPU
		{C1F40CAD-42D7-4341-917D-41B4246157F6}.Debug|Any CPU.ActiveCfg = Debug|Any CPU
		{C1F40CAD-42D7-4341-917D-41B4246157F6}.Debug|Any CPU.Build.0 = Debug|Any CPU
		{C1F40CAD-42D7-4341-917D-41B4246157F6}.Debug|x64.ActiveCfg = Debug|Any CPU
		{C1F40CAD-42D7-4341-917D-41B4246157F6}.Debug|x64.Build.0 = Debug|Any CPU
		{C1F40CAD-42D7-4341-917D-41B4246157F6}.Release|Any CPU.ActiveCfg = Release|Any CPU
		{C1F40CAD-42D7-4341-917D-41B4246157F6}.Release|Any CPU.Build.0 = Release|Any CPU
		{C1F40CAD-42D7-4341-917D-41B4246157F6}.Release|x64.ActiveCfg = Release|Any CPU
		{C1F40CAD-42D7-4341-917D-41B4246157F6}.Release|x64.Build.0 = Release|Any CPU
		{27BA8B8B-226B-460B-ACA7-A95742C8A1EC}.Debug|Any CPU.ActiveCfg = Debug|Any CPU
		{27BA8B8B-226B-460B-ACA7-A95742C8A1EC}.Debug|Any CPU.Build.0 = Debug|Any CPU
		{27BA8B8B-226B-460B-ACA7-A95742C8A1EC}.Debug|x64.ActiveCfg = Debug|Any CPU
		{27BA8B8B-226B-460B-ACA7-A95742C8A1EC}.Debug|x64.Build.0 = Debug|Any CPU
		{27BA8B8B-226B-460B-ACA7-A95742C8A1EC}.Release|Any CPU.ActiveCfg = Release|Any CPU
		{27BA8B8B-226B-460B-ACA7-A95742C8A1EC}.Release|Any CPU.Build.0 = Release|Any CPU
		{27BA8B8B-226B-460B-ACA7-A95742C8A1EC}.Release|x64.ActiveCfg = Release|Any CPU
		{27BA8B8B-226B-460B-ACA7-A95742C8A1EC}.Release|x64.Build.0 = Release|Any CPU
		{79CC15FD-6502-4705-B900-BCE41E7DC586}.Debug|Any CPU.ActiveCfg = Debug|Any CPU
		{79CC15FD-6502-4705-B900-BCE41E7DC586}.Debug|Any CPU.Build.0 = Debug|Any CPU
		{79CC15FD-6502-4705-B900-BCE41E7DC586}.Debug|x64.ActiveCfg = Debug|Any CPU
		{79CC15FD-6502-4705-B900-BCE41E7DC586}.Debug|x64.Build.0 = Debug|Any CPU
		{79CC15FD-6502-4705-B900-BCE41E7DC586}.Release|Any CPU.ActiveCfg = Release|Any CPU
		{79CC15FD-6502-4705-B900-BCE41E7DC586}.Release|Any CPU.Build.0 = Release|Any CPU
		{79CC15FD-6502-4705-B900-BCE41E7DC586}.Release|x64.ActiveCfg = Release|Any CPU
		{79CC15FD-6502-4705-B900-BCE41E7DC586}.Release|x64.Build.0 = Release|Any CPU
		{9CE2E463-DF0F-488F-8F37-EAF0311641F3}.Debug|Any CPU.ActiveCfg = Debug|Any CPU
		{9CE2E463-DF0F-488F-8F37-EAF0311641F3}.Debug|Any CPU.Build.0 = Debug|Any CPU
		{9CE2E463-DF0F-488F-8F37-EAF0311641F3}.Debug|x64.ActiveCfg = Debug|Any CPU
		{9CE2E463-DF0F-488F-8F37-EAF0311641F3}.Debug|x64.Build.0 = Debug|Any CPU
		{9CE2E463-DF0F-488F-8F37-EAF0311641F3}.Release|Any CPU.ActiveCfg = Release|Any CPU
		{9CE2E463-DF0F-488F-8F37-EAF0311641F3}.Release|Any CPU.Build.0 = Release|Any CPU
		{9CE2E463-DF0F-488F-8F37-EAF0311641F3}.Release|x64.ActiveCfg = Release|Any CPU
		{9CE2E463-DF0F-488F-8F37-EAF0311641F3}.Release|x64.Build.0 = Release|Any CPU
		{C9618C78-5ACF-4BA4-8036-B7DDC2B56904}.Debug|Any CPU.ActiveCfg = Debug|Any CPU
		{C9618C78-5ACF-4BA4-8036-B7DDC2B56904}.Debug|Any CPU.Build.0 = Debug|Any CPU
		{C9618C78-5ACF-4BA4-8036-B7DDC2B56904}.Debug|x64.ActiveCfg = Debug|Any CPU
		{C9618C78-5ACF-4BA4-8036-B7DDC2B56904}.Debug|x64.Build.0 = Debug|Any CPU
		{C9618C78-5ACF-4BA4-8036-B7DDC2B56904}.Release|Any CPU.ActiveCfg = Release|Any CPU
		{C9618C78-5ACF-4BA4-8036-B7DDC2B56904}.Release|Any CPU.Build.0 = Release|Any CPU
		{C9618C78-5ACF-4BA4-8036-B7DDC2B56904}.Release|x64.ActiveCfg = Release|Any CPU
		{C9618C78-5ACF-4BA4-8036-B7DDC2B56904}.Release|x64.Build.0 = Release|Any CPU
	EndGlobalSection
	GlobalSection(SolutionProperties) = preSolution
		HideSolutionNode = FALSE
	EndGlobalSection
	GlobalSection(NestedProjects) = preSolution
		{D2182A90-F8B1-46C2-B5CE-24344C079169} = {D1A8C1FF-D559-44A3-A64F-EB373D7C0FEF}
		{15DA10F0-0D14-45D2-A66F-B16089E4C964} = {A52FB5AF-5FDE-4678-96DB-B99651C0BBAF}
		{56D9A79E-7D43-4778-AC6B-759B7DC5D372} = {6A50525C-39E9-4C83-9949-4858C0F7AF98}
		{ABB314B2-47D2-4739-A51A-8A8B1A4112D7} = {F72C1E7E-CFE7-45C0-B257-52FE1B7C98DF}
		{DD0912BF-F626-4C5A-883A-B2D4DD9175E8} = {6A50525C-39E9-4C83-9949-4858C0F7AF98}
		{E3A27BFB-2540-4624-9091-F06A3E625686} = {7AED876F-A2DF-4ADD-8B9D-DE454DA2BC3C}
		{E7048418-CEA6-4A1E-913B-45147DE63159} = {7AED876F-A2DF-4ADD-8B9D-DE454DA2BC3C}
		{35351592-801E-47C4-AFEF-170EE8BC76D0} = {F72C1E7E-CFE7-45C0-B257-52FE1B7C98DF}
		{0C7AA022-4B74-4AF3-B64C-4B0836C80D60} = {F72C1E7E-CFE7-45C0-B257-52FE1B7C98DF}
		{C1F40CAD-42D7-4341-917D-41B4246157F6} = {A52FB5AF-5FDE-4678-96DB-B99651C0BBAF}
		{27BA8B8B-226B-460B-ACA7-A95742C8A1EC} = {D1A8C1FF-D559-44A3-A64F-EB373D7C0FEF}
		{79CC15FD-6502-4705-B900-BCE41E7DC586} = {F72C1E7E-CFE7-45C0-B257-52FE1B7C98DF}
		{9CE2E463-DF0F-488F-8F37-EAF0311641F3} = {F72C1E7E-CFE7-45C0-B257-52FE1B7C98DF}
		{C9618C78-5ACF-4BA4-8036-B7DDC2B56904} = {F72C1E7E-CFE7-45C0-B257-52FE1B7C98DF}
	EndGlobalSection
	GlobalSection(ExtensibilityGlobals) = postSolution
		SolutionGuid = {0265F3CF-27B3-4E12-A7F6-5633D5C81694}
	EndGlobalSection
EndGlobal
