
Microsoft Visual Studio Solution File, Format Version 12.00
# Visual Studio Version 17
VisualStudioVersion = 17.5.33103.201
MinimumVisualStudioVersion = 10.0.40219.1
Project("{9A19103F-16F7-4668-BE54-9A1E7A4F7556}") = "Nabu.Network", "Nabu.Network\Nabu.Network.csproj", "{9CFD6536-51A8-41EE-9084-320098304C43}"
EndProject
Project("{9A19103F-16F7-4668-BE54-9A1E7A4F7556}") = "Nabu.NetSim", "Nabu.NetSim\Nabu.NetSim.csproj", "{445B6617-C61F-49FA-B7CA-33CFA85029F8}"
EndProject
Project("{9A19103F-16F7-4668-BE54-9A1E7A4F7556}") = "Nabu.Sockets", "Nabu.Sockets\Nabu.Sockets.csproj", "{04B61AEF-D54C-4DED-BA98-BA0AADD7F419}"
EndProject
Project("{9A19103F-16F7-4668-BE54-9A1E7A4F7556}") = "Nabu.NetSimWeb", "Nabu.NetSimWeb\Nabu.NetSimWeb.csproj", "{D2182A90-F8B1-46C2-B5CE-24344C079169}"
EndProject
Project("{9A19103F-16F7-4668-BE54-9A1E7A4F7556}") = "Nabu.NetSim.UI", "Nabu.NetSim.UI\Nabu.NetSim.UI.csproj", "{15DA10F0-0D14-45D2-A66F-B16089E4C964}"
EndProject
Project("{9A19103F-16F7-4668-BE54-9A1E7A4F7556}") = "LibNabu", "LibNabu\LibNabu.csproj", "{E6A5E449-C011-460E-A4B7-E4767BF3BF46}"
EndProject
Project("{FAE04EC0-301F-11D3-BF4B-00C04F79EFBC}") = "LIbNabu.LiteDB", "LIbNabu.LiteDB\LIbNabu.LiteDB.csproj", "{2BBCB149-7101-497A-8CDC-CCA866FD7F22}"
EndProject
Project("{FAE04EC0-301F-11D3-BF4B-00C04F79EFBC}") = "Nabu.Cli", "Nabu.Cli\Nabu.Cli.csproj", "{7ABCB677-B0AC-4F2C-B02C-D50F263F9BAF}"
EndProject
Global
	GlobalSection(SolutionConfigurationPlatforms) = preSolution
		Debug|Any CPU = Debug|Any CPU
		Debug|x64 = Debug|x64
		Release|Any CPU = Release|Any CPU
		Release|x64 = Release|x64
	EndGlobalSection
	GlobalSection(ProjectConfigurationPlatforms) = postSolution
		{9CFD6536-51A8-41EE-9084-320098304C43}.Debug|Any CPU.ActiveCfg = Debug|Any CPU
		{9CFD6536-51A8-41EE-9084-320098304C43}.Debug|Any CPU.Build.0 = Debug|Any CPU
		{9CFD6536-51A8-41EE-9084-320098304C43}.Debug|x64.ActiveCfg = Debug|x64
		{9CFD6536-51A8-41EE-9084-320098304C43}.Debug|x64.Build.0 = Debug|x64
		{9CFD6536-51A8-41EE-9084-320098304C43}.Release|Any CPU.ActiveCfg = Release|Any CPU
		{9CFD6536-51A8-41EE-9084-320098304C43}.Release|Any CPU.Build.0 = Release|Any CPU
		{9CFD6536-51A8-41EE-9084-320098304C43}.Release|x64.ActiveCfg = Release|x64
		{9CFD6536-51A8-41EE-9084-320098304C43}.Release|x64.Build.0 = Release|x64
		{445B6617-C61F-49FA-B7CA-33CFA85029F8}.Debug|Any CPU.ActiveCfg = Debug|Any CPU
		{445B6617-C61F-49FA-B7CA-33CFA85029F8}.Debug|Any CPU.Build.0 = Debug|Any CPU
		{445B6617-C61F-49FA-B7CA-33CFA85029F8}.Debug|x64.ActiveCfg = Debug|x64
		{445B6617-C61F-49FA-B7CA-33CFA85029F8}.Debug|x64.Build.0 = Debug|x64
		{445B6617-C61F-49FA-B7CA-33CFA85029F8}.Release|Any CPU.ActiveCfg = Release|Any CPU
		{445B6617-C61F-49FA-B7CA-33CFA85029F8}.Release|Any CPU.Build.0 = Release|Any CPU
		{445B6617-C61F-49FA-B7CA-33CFA85029F8}.Release|x64.ActiveCfg = Release|x64
		{445B6617-C61F-49FA-B7CA-33CFA85029F8}.Release|x64.Build.0 = Release|x64
		{04B61AEF-D54C-4DED-BA98-BA0AADD7F419}.Debug|Any CPU.ActiveCfg = Debug|Any CPU
		{04B61AEF-D54C-4DED-BA98-BA0AADD7F419}.Debug|Any CPU.Build.0 = Debug|Any CPU
		{04B61AEF-D54C-4DED-BA98-BA0AADD7F419}.Debug|x64.ActiveCfg = Debug|x64
		{04B61AEF-D54C-4DED-BA98-BA0AADD7F419}.Debug|x64.Build.0 = Debug|x64
		{04B61AEF-D54C-4DED-BA98-BA0AADD7F419}.Release|Any CPU.ActiveCfg = Release|Any CPU
		{04B61AEF-D54C-4DED-BA98-BA0AADD7F419}.Release|Any CPU.Build.0 = Release|Any CPU
		{04B61AEF-D54C-4DED-BA98-BA0AADD7F419}.Release|x64.ActiveCfg = Release|x64
		{04B61AEF-D54C-4DED-BA98-BA0AADD7F419}.Release|x64.Build.0 = Release|x64
		{D2182A90-F8B1-46C2-B5CE-24344C079169}.Debug|Any CPU.ActiveCfg = Debug|Any CPU
		{D2182A90-F8B1-46C2-B5CE-24344C079169}.Debug|Any CPU.Build.0 = Debug|Any CPU
		{D2182A90-F8B1-46C2-B5CE-24344C079169}.Debug|x64.ActiveCfg = Debug|x64
		{D2182A90-F8B1-46C2-B5CE-24344C079169}.Debug|x64.Build.0 = Debug|x64
		{D2182A90-F8B1-46C2-B5CE-24344C079169}.Release|Any CPU.ActiveCfg = Release|Any CPU
		{D2182A90-F8B1-46C2-B5CE-24344C079169}.Release|Any CPU.Build.0 = Release|Any CPU
		{D2182A90-F8B1-46C2-B5CE-24344C079169}.Release|x64.ActiveCfg = Release|x64
		{D2182A90-F8B1-46C2-B5CE-24344C079169}.Release|x64.Build.0 = Release|x64
		{15DA10F0-0D14-45D2-A66F-B16089E4C964}.Debug|Any CPU.ActiveCfg = Debug|Any CPU
		{15DA10F0-0D14-45D2-A66F-B16089E4C964}.Debug|Any CPU.Build.0 = Debug|Any CPU
		{15DA10F0-0D14-45D2-A66F-B16089E4C964}.Debug|x64.ActiveCfg = Debug|x64
		{15DA10F0-0D14-45D2-A66F-B16089E4C964}.Debug|x64.Build.0 = Debug|x64
		{15DA10F0-0D14-45D2-A66F-B16089E4C964}.Release|Any CPU.ActiveCfg = Release|Any CPU
		{15DA10F0-0D14-45D2-A66F-B16089E4C964}.Release|Any CPU.Build.0 = Release|Any CPU
		{15DA10F0-0D14-45D2-A66F-B16089E4C964}.Release|x64.ActiveCfg = Release|x64
		{15DA10F0-0D14-45D2-A66F-B16089E4C964}.Release|x64.Build.0 = Release|x64
		{E6A5E449-C011-460E-A4B7-E4767BF3BF46}.Debug|Any CPU.ActiveCfg = Debug|Any CPU
		{E6A5E449-C011-460E-A4B7-E4767BF3BF46}.Debug|Any CPU.Build.0 = Debug|Any CPU
		{E6A5E449-C011-460E-A4B7-E4767BF3BF46}.Debug|x64.ActiveCfg = Debug|x64
		{E6A5E449-C011-460E-A4B7-E4767BF3BF46}.Debug|x64.Build.0 = Debug|x64
		{E6A5E449-C011-460E-A4B7-E4767BF3BF46}.Release|Any CPU.ActiveCfg = Release|Any CPU
		{E6A5E449-C011-460E-A4B7-E4767BF3BF46}.Release|Any CPU.Build.0 = Release|Any CPU
		{E6A5E449-C011-460E-A4B7-E4767BF3BF46}.Release|x64.ActiveCfg = Release|x64
		{E6A5E449-C011-460E-A4B7-E4767BF3BF46}.Release|x64.Build.0 = Release|x64
		{2BBCB149-7101-497A-8CDC-CCA866FD7F22}.Debug|Any CPU.ActiveCfg = Debug|Any CPU
		{2BBCB149-7101-497A-8CDC-CCA866FD7F22}.Debug|Any CPU.Build.0 = Debug|Any CPU
		{2BBCB149-7101-497A-8CDC-CCA866FD7F22}.Debug|x64.ActiveCfg = Debug|Any CPU
		{2BBCB149-7101-497A-8CDC-CCA866FD7F22}.Debug|x64.Build.0 = Debug|Any CPU
		{2BBCB149-7101-497A-8CDC-CCA866FD7F22}.Release|Any CPU.ActiveCfg = Release|Any CPU
		{2BBCB149-7101-497A-8CDC-CCA866FD7F22}.Release|Any CPU.Build.0 = Release|Any CPU
		{2BBCB149-7101-497A-8CDC-CCA866FD7F22}.Release|x64.ActiveCfg = Release|Any CPU
		{2BBCB149-7101-497A-8CDC-CCA866FD7F22}.Release|x64.Build.0 = Release|Any CPU
		{7ABCB677-B0AC-4F2C-B02C-D50F263F9BAF}.Debug|Any CPU.ActiveCfg = Debug|Any CPU
		{7ABCB677-B0AC-4F2C-B02C-D50F263F9BAF}.Debug|Any CPU.Build.0 = Debug|Any CPU
		{7ABCB677-B0AC-4F2C-B02C-D50F263F9BAF}.Debug|x64.ActiveCfg = Debug|Any CPU
		{7ABCB677-B0AC-4F2C-B02C-D50F263F9BAF}.Debug|x64.Build.0 = Debug|Any CPU
		{7ABCB677-B0AC-4F2C-B02C-D50F263F9BAF}.Release|Any CPU.ActiveCfg = Release|Any CPU
		{7ABCB677-B0AC-4F2C-B02C-D50F263F9BAF}.Release|Any CPU.Build.0 = Release|Any CPU
		{7ABCB677-B0AC-4F2C-B02C-D50F263F9BAF}.Release|x64.ActiveCfg = Release|Any CPU
		{7ABCB677-B0AC-4F2C-B02C-D50F263F9BAF}.Release|x64.Build.0 = Release|Any CPU
	EndGlobalSection
	GlobalSection(SolutionProperties) = preSolution
		HideSolutionNode = FALSE
	EndGlobalSection
	GlobalSection(ExtensibilityGlobals) = postSolution
		SolutionGuid = {0265F3CF-27B3-4E12-A7F6-5633D5C81694}
	EndGlobalSection
EndGlobal
