
Microsoft Visual Studio Solution File, Format Version 12.00
# Visual Studio Version 17
VisualStudioVersion = 17.5.33103.201
MinimumVisualStudioVersion = 10.0.40219.1
Project("{9A19103F-16F7-4668-BE54-9A1E7A4F7556}") = "Nabu.Network", "Nabu.Network\Nabu.Network.csproj", "{9CFD6536-51A8-41EE-9084-320098304C43}"
EndProject
Project("{9A19103F-16F7-4668-BE54-9A1E7A4F7556}") = "Nabu.Sockets", "Nabu.Sockets\Nabu.Sockets.csproj", "{04B61AEF-D54C-4DED-BA98-BA0AADD7F419}"
EndProject
Project("{9A19103F-16F7-4668-BE54-9A1E7A4F7556}") = "Nabu.NetSimWeb", "Nabu.NetSimWeb\Nabu.NetSimWeb.csproj", "{D2182A90-F8B1-46C2-B5CE-24344C079169}"
EndProject
Project("{9A19103F-16F7-4668-BE54-9A1E7A4F7556}") = "Nabu.NetSim.UI", "Nabu.NetSim.UI\Nabu.NetSim.UI.csproj", "{15DA10F0-0D14-45D2-A66F-B16089E4C964}"
EndProject
Project("{9A19103F-16F7-4668-BE54-9A1E7A4F7556}") = "LibNabu", "LibNabu\LibNabu.csproj", "{E6A5E449-C011-460E-A4B7-E4767BF3BF46}"
EndProject
Project("{9A19103F-16F7-4668-BE54-9A1E7A4F7556}") = "LIbNabu.LiteDB", "LIbNabu.LiteDB\LIbNabu.LiteDB.csproj", "{2BBCB149-7101-497A-8CDC-CCA866FD7F22}"
EndProject
Project("{2150E333-8FDC-42A3-9474-1A3956D46DE8}") = "Apps", "Apps", "{A52FB5AF-5FDE-4678-96DB-B99651C0BBAF}"
EndProject
Project("{9A19103F-16F7-4668-BE54-9A1E7A4F7556}") = "LibNabu.JavaScript", "LibNabu.JavaScript\LibNabu.JavaScript.csproj", "{56D9A79E-7D43-4778-AC6B-759B7DC5D372}"
EndProject
Project("{2150E333-8FDC-42A3-9474-1A3956D46DE8}") = "Core", "Core", "{F72C1E7E-CFE7-45C0-B257-52FE1B7C98DF}"
EndProject
Project("{2150E333-8FDC-42A3-9474-1A3956D46DE8}") = "Extensions", "Extensions", "{6A50525C-39E9-4C83-9949-4858C0F7AF98}"
EndProject
Project("{9A19103F-16F7-4668-BE54-9A1E7A4F7556}") = "LibNabu.Yaml", "LibNabu.Yaml\LibNabu.Yaml.csproj", "{E27C9C31-613C-4982-A0E0-AA218951FCB6}"
EndProject
Project("{9A19103F-16F7-4668-BE54-9A1E7A4F7556}") = "LibNapa", "LibNapa\LibNapa.csproj", "{ABB314B2-47D2-4739-A51A-8A8B1A4112D7}"
EndProject
Project("{9A19103F-16F7-4668-BE54-9A1E7A4F7556}") = "LibNabu.Console", "LibNabu.Console\LibNabu.Console.csproj", "{DD0912BF-F626-4C5A-883A-B2D4DD9175E8}"
EndProject
Project("{2150E333-8FDC-42A3-9474-1A3956D46DE8}") = "Plugins", "Plugins", "{7AED876F-A2DF-4ADD-8B9D-DE454DA2BC3C}"
EndProject
Project("{9092AA53-FB77-4645-B42D-1CCCA6BD08BD}") = "nns-extender", "nns-extender\nns-extender.njsproj", "{E3A27BFB-2540-4624-9091-F06A3E625686}"
EndProject
Project("{9092AA53-FB77-4645-B42D-1CCCA6BD08BD}") = "nns-example-plugin", "nns-example-plugin\nns-example-plugin.njsproj", "{E7048418-CEA6-4A1E-913B-45147DE63159}"
EndProject
Global
	GlobalSection(SolutionConfigurationPlatforms) = preSolution
		Debug|Any CPU = Debug|Any CPU
		Debug|x64 = Debug|x64
		Release|Any CPU = Release|Any CPU
		Release|x64 = Release|x64
	EndGlobalSection
	GlobalSection(ProjectConfigurationPlatforms) = postSolution
		{9CFD6536-51A8-41EE-9084-320098304C43}.Debug|Any CPU.ActiveCfg = Debug|Any CPU
		{9CFD6536-51A8-41EE-9084-320098304C43}.Debug|Any CPU.Build.0 = Debug|Any CPU
		{9CFD6536-51A8-41EE-9084-320098304C43}.Debug|x64.ActiveCfg = Debug|x64
		{9CFD6536-51A8-41EE-9084-320098304C43}.Debug|x64.Build.0 = Debug|x64
		{9CFD6536-51A8-41EE-9084-320098304C43}.Release|Any CPU.ActiveCfg = Release|Any CPU
		{9CFD6536-51A8-41EE-9084-320098304C43}.Release|Any CPU.Build.0 = Release|Any CPU
		{9CFD6536-51A8-41EE-9084-320098304C43}.Release|x64.ActiveCfg = Release|x64
		{9CFD6536-51A8-41EE-9084-320098304C43}.Release|x64.Build.0 = Release|x64
		{04B61AEF-D54C-4DED-BA98-BA0AADD7F419}.Debug|Any CPU.ActiveCfg = Debug|Any CPU
		{04B61AEF-D54C-4DED-BA98-BA0AADD7F419}.Debug|Any CPU.Build.0 = Debug|Any CPU
		{04B61AEF-D54C-4DED-BA98-BA0AADD7F419}.Debug|x64.ActiveCfg = Debug|x64
		{04B61AEF-D54C-4DED-BA98-BA0AADD7F419}.Debug|x64.Build.0 = Debug|x64
		{04B61AEF-D54C-4DED-BA98-BA0AADD7F419}.Release|Any CPU.ActiveCfg = Release|Any CPU
		{04B61AEF-D54C-4DED-BA98-BA0AADD7F419}.Release|Any CPU.Build.0 = Release|Any CPU
		{04B61AEF-D54C-4DED-BA98-BA0AADD7F419}.Release|x64.ActiveCfg = Release|x64
		{04B61AEF-D54C-4DED-BA98-BA0AADD7F419}.Release|x64.Build.0 = Release|x64
		{D2182A90-F8B1-46C2-B5CE-24344C079169}.Debug|Any CPU.ActiveCfg = Debug|Any CPU
		{D2182A90-F8B1-46C2-B5CE-24344C079169}.Debug|Any CPU.Build.0 = Debug|Any CPU
		{D2182A90-F8B1-46C2-B5CE-24344C079169}.Debug|x64.ActiveCfg = Debug|x64
		{D2182A90-F8B1-46C2-B5CE-24344C079169}.Debug|x64.Build.0 = Debug|x64
		{D2182A90-F8B1-46C2-B5CE-24344C079169}.Release|Any CPU.ActiveCfg = Release|Any CPU
		{D2182A90-F8B1-46C2-B5CE-24344C079169}.Release|Any CPU.Build.0 = Release|Any CPU
		{D2182A90-F8B1-46C2-B5CE-24344C079169}.Release|x64.ActiveCfg = Release|x64
		{D2182A90-F8B1-46C2-B5CE-24344C079169}.Release|x64.Build.0 = Release|x64
		{15DA10F0-0D14-45D2-A66F-B16089E4C964}.Debug|Any CPU.ActiveCfg = Debug|Any CPU
		{15DA10F0-0D14-45D2-A66F-B16089E4C964}.Debug|Any CPU.Build.0 = Debug|Any CPU
		{15DA10F0-0D14-45D2-A66F-B16089E4C964}.Debug|x64.ActiveCfg = Debug|x64
		{15DA10F0-0D14-45D2-A66F-B16089E4C964}.Debug|x64.Build.0 = Debug|x64
		{15DA10F0-0D14-45D2-A66F-B16089E4C964}.Release|Any CPU.ActiveCfg = Release|Any CPU
		{15DA10F0-0D14-45D2-A66F-B16089E4C964}.Release|Any CPU.Build.0 = Release|Any CPU
		{15DA10F0-0D14-45D2-A66F-B16089E4C964}.Release|x64.ActiveCfg = Release|x64
		{15DA10F0-0D14-45D2-A66F-B16089E4C964}.Release|x64.Build.0 = Release|x64
		{E6A5E449-C011-460E-A4B7-E4767BF3BF46}.Debug|Any CPU.ActiveCfg = Debug|Any CPU
		{E6A5E449-C011-460E-A4B7-E4767BF3BF46}.Debug|Any CPU.Build.0 = Debug|Any CPU
		{E6A5E449-C011-460E-A4B7-E4767BF3BF46}.Debug|x64.ActiveCfg = Debug|x64
		{E6A5E449-C011-460E-A4B7-E4767BF3BF46}.Debug|x64.Build.0 = Debug|x64
		{E6A5E449-C011-460E-A4B7-E4767BF3BF46}.Release|Any CPU.ActiveCfg = Release|Any CPU
		{E6A5E449-C011-460E-A4B7-E4767BF3BF46}.Release|Any CPU.Build.0 = Release|Any CPU
		{E6A5E449-C011-460E-A4B7-E4767BF3BF46}.Release|x64.ActiveCfg = Release|x64
		{E6A5E449-C011-460E-A4B7-E4767BF3BF46}.Release|x64.Build.0 = Release|x64
		{2BBCB149-7101-497A-8CDC-CCA866FD7F22}.Debug|Any CPU.ActiveCfg = Debug|Any CPU
		{2BBCB149-7101-497A-8CDC-CCA866FD7F22}.Debug|Any CPU.Build.0 = Debug|Any CPU
		{2BBCB149-7101-497A-8CDC-CCA866FD7F22}.Debug|x64.ActiveCfg = Debug|Any CPU
		{2BBCB149-7101-497A-8CDC-CCA866FD7F22}.Debug|x64.Build.0 = Debug|Any CPU
		{2BBCB149-7101-497A-8CDC-CCA866FD7F22}.Release|Any CPU.ActiveCfg = Release|Any CPU
		{2BBCB149-7101-497A-8CDC-CCA866FD7F22}.Release|Any CPU.Build.0 = Release|Any CPU
		{2BBCB149-7101-497A-8CDC-CCA866FD7F22}.Release|x64.ActiveCfg = Release|Any CPU
		{2BBCB149-7101-497A-8CDC-CCA866FD7F22}.Release|x64.Build.0 = Release|Any CPU
		{56D9A79E-7D43-4778-AC6B-759B7DC5D372}.Debug|Any CPU.ActiveCfg = Debug|Any CPU
		{56D9A79E-7D43-4778-AC6B-759B7DC5D372}.Debug|Any CPU.Build.0 = Debug|Any CPU
		{56D9A79E-7D43-4778-AC6B-759B7DC5D372}.Debug|x64.ActiveCfg = Debug|Any CPU
		{56D9A79E-7D43-4778-AC6B-759B7DC5D372}.Debug|x64.Build.0 = Debug|Any CPU
		{56D9A79E-7D43-4778-AC6B-759B7DC5D372}.Release|Any CPU.ActiveCfg = Release|Any CPU
		{56D9A79E-7D43-4778-AC6B-759B7DC5D372}.Release|Any CPU.Build.0 = Release|Any CPU
		{56D9A79E-7D43-4778-AC6B-759B7DC5D372}.Release|x64.ActiveCfg = Release|Any CPU
		{56D9A79E-7D43-4778-AC6B-759B7DC5D372}.Release|x64.Build.0 = Release|Any CPU
		{E27C9C31-613C-4982-A0E0-AA218951FCB6}.Debug|Any CPU.ActiveCfg = Debug|Any CPU
		{E27C9C31-613C-4982-A0E0-AA218951FCB6}.Debug|Any CPU.Build.0 = Debug|Any CPU
		{E27C9C31-613C-4982-A0E0-AA218951FCB6}.Debug|x64.ActiveCfg = Debug|Any CPU
		{E27C9C31-613C-4982-A0E0-AA218951FCB6}.Debug|x64.Build.0 = Debug|Any CPU
		{E27C9C31-613C-4982-A0E0-AA218951FCB6}.Release|Any CPU.ActiveCfg = Release|Any CPU
		{E27C9C31-613C-4982-A0E0-AA218951FCB6}.Release|Any CPU.Build.0 = Release|Any CPU
		{E27C9C31-613C-4982-A0E0-AA218951FCB6}.Release|x64.ActiveCfg = Release|Any CPU
		{E27C9C31-613C-4982-A0E0-AA218951FCB6}.Release|x64.Build.0 = Release|Any CPU
		{ABB314B2-47D2-4739-A51A-8A8B1A4112D7}.Debug|Any CPU.ActiveCfg = Debug|Any CPU
		{ABB314B2-47D2-4739-A51A-8A8B1A4112D7}.Debug|Any CPU.Build.0 = Debug|Any CPU
		{ABB314B2-47D2-4739-A51A-8A8B1A4112D7}.Debug|x64.ActiveCfg = Debug|Any CPU
		{ABB314B2-47D2-4739-A51A-8A8B1A4112D7}.Debug|x64.Build.0 = Debug|Any CPU
		{ABB314B2-47D2-4739-A51A-8A8B1A4112D7}.Release|Any CPU.ActiveCfg = Release|Any CPU
		{ABB314B2-47D2-4739-A51A-8A8B1A4112D7}.Release|Any CPU.Build.0 = Release|Any CPU
		{ABB314B2-47D2-4739-A51A-8A8B1A4112D7}.Release|x64.ActiveCfg = Release|Any CPU
		{ABB314B2-47D2-4739-A51A-8A8B1A4112D7}.Release|x64.Build.0 = Release|Any CPU
		{DD0912BF-F626-4C5A-883A-B2D4DD9175E8}.Debug|Any CPU.ActiveCfg = Debug|Any CPU
		{DD0912BF-F626-4C5A-883A-B2D4DD9175E8}.Debug|Any CPU.Build.0 = Debug|Any CPU
		{DD0912BF-F626-4C5A-883A-B2D4DD9175E8}.Debug|x64.ActiveCfg = Debug|Any CPU
		{DD0912BF-F626-4C5A-883A-B2D4DD9175E8}.Debug|x64.Build.0 = Debug|Any CPU
		{DD0912BF-F626-4C5A-883A-B2D4DD9175E8}.Release|Any CPU.ActiveCfg = Release|Any CPU
		{DD0912BF-F626-4C5A-883A-B2D4DD9175E8}.Release|Any CPU.Build.0 = Release|Any CPU
		{DD0912BF-F626-4C5A-883A-B2D4DD9175E8}.Release|x64.ActiveCfg = Release|Any CPU
		{DD0912BF-F626-4C5A-883A-B2D4DD9175E8}.Release|x64.Build.0 = Release|Any CPU
		{E3A27BFB-2540-4624-9091-F06A3E625686}.Debug|Any CPU.ActiveCfg = Debug|Any CPU
		{E3A27BFB-2540-4624-9091-F06A3E625686}.Debug|Any CPU.Build.0 = Debug|Any CPU
		{E3A27BFB-2540-4624-9091-F06A3E625686}.Debug|x64.ActiveCfg = Debug|Any CPU
		{E3A27BFB-2540-4624-9091-F06A3E625686}.Debug|x64.Build.0 = Debug|Any CPU
		{E3A27BFB-2540-4624-9091-F06A3E625686}.Release|Any CPU.ActiveCfg = Release|Any CPU
		{E3A27BFB-2540-4624-9091-F06A3E625686}.Release|Any CPU.Build.0 = Release|Any CPU
		{E3A27BFB-2540-4624-9091-F06A3E625686}.Release|x64.ActiveCfg = Release|Any CPU
		{E3A27BFB-2540-4624-9091-F06A3E625686}.Release|x64.Build.0 = Release|Any CPU
		{E7048418-CEA6-4A1E-913B-45147DE63159}.Debug|Any CPU.ActiveCfg = Debug|Any CPU
		{E7048418-CEA6-4A1E-913B-45147DE63159}.Debug|Any CPU.Build.0 = Debug|Any CPU
		{E7048418-CEA6-4A1E-913B-45147DE63159}.Debug|x64.ActiveCfg = Debug|Any CPU
		{E7048418-CEA6-4A1E-913B-45147DE63159}.Debug|x64.Build.0 = Debug|Any CPU
		{E7048418-CEA6-4A1E-913B-45147DE63159}.Release|Any CPU.ActiveCfg = Release|Any CPU
		{E7048418-CEA6-4A1E-913B-45147DE63159}.Release|Any CPU.Build.0 = Release|Any CPU
		{E7048418-CEA6-4A1E-913B-45147DE63159}.Release|x64.ActiveCfg = Release|Any CPU
		{E7048418-CEA6-4A1E-913B-45147DE63159}.Release|x64.Build.0 = Release|Any CPU
	EndGlobalSection
	GlobalSection(SolutionProperties) = preSolution
		HideSolutionNode = FALSE
	EndGlobalSection
	GlobalSection(NestedProjects) = preSolution
		{9CFD6536-51A8-41EE-9084-320098304C43} = {F72C1E7E-CFE7-45C0-B257-52FE1B7C98DF}
		{04B61AEF-D54C-4DED-BA98-BA0AADD7F419} = {6A50525C-39E9-4C83-9949-4858C0F7AF98}
		{D2182A90-F8B1-46C2-B5CE-24344C079169} = {A52FB5AF-5FDE-4678-96DB-B99651C0BBAF}
		{15DA10F0-0D14-45D2-A66F-B16089E4C964} = {F72C1E7E-CFE7-45C0-B257-52FE1B7C98DF}
		{E6A5E449-C011-460E-A4B7-E4767BF3BF46} = {F72C1E7E-CFE7-45C0-B257-52FE1B7C98DF}
		{2BBCB149-7101-497A-8CDC-CCA866FD7F22} = {6A50525C-39E9-4C83-9949-4858C0F7AF98}
		{56D9A79E-7D43-4778-AC6B-759B7DC5D372} = {6A50525C-39E9-4C83-9949-4858C0F7AF98}
		{E27C9C31-613C-4982-A0E0-AA218951FCB6} = {6A50525C-39E9-4C83-9949-4858C0F7AF98}
		{ABB314B2-47D2-4739-A51A-8A8B1A4112D7} = {F72C1E7E-CFE7-45C0-B257-52FE1B7C98DF}
		{DD0912BF-F626-4C5A-883A-B2D4DD9175E8} = {6A50525C-39E9-4C83-9949-4858C0F7AF98}
		{E3A27BFB-2540-4624-9091-F06A3E625686} = {7AED876F-A2DF-4ADD-8B9D-DE454DA2BC3C}
		{E7048418-CEA6-4A1E-913B-45147DE63159} = {7AED876F-A2DF-4ADD-8B9D-DE454DA2BC3C}
	EndGlobalSection
	GlobalSection(ExtensibilityGlobals) = postSolution
		SolutionGuid = {0265F3CF-27B3-4E12-A7F6-5633D5C81694}
	EndGlobalSection
EndGlobal
