
Microsoft Visual Studio Solution File, Format Version 12.00
# Visual Studio Version 17
VisualStudioVersion = 17.0.31710.8
MinimumVisualStudioVersion = 10.0.40219.1
Project("{9A19103F-16F7-4668-BE54-9A1E7A4F7556}") = "Lgc", "Lgc.csproj", "{B5A25B5B-6F1C-40CD-820F-385F5850FE36}"
EndProject
Project("{9A19103F-16F7-4668-BE54-9A1E7A4F7556}") = "Automata", "..\Automata\Automata.csproj", "{E9F4617E-CCC4-49F2-80B2-DF2FA6DF766C}"
EndProject
Project("{9A19103F-16F7-4668-BE54-9A1E7A4F7556}") = "Automata.Engine", "..\Automata.Engine\Automata.Engine.csproj", "{B92E2A0A-43AD-4915-BB79-1A0D949D8F69}"
EndProject
Project("{9A19103F-16F7-4668-BE54-9A1E7A4F7556}") = "Lgc.K8s", "..\..\K8s\Lgc.K8s\Lgc.K8s.csproj", "{39B434F9-7636-41E9-A7A3-DB13A0E7C7A8}"
EndProject
Project("{D954291E-2A0B-460D-934E-DC6B0785DB48}") = "SharedArchive", "..\..\K8s\SharedArchive\SharedArchive.shproj", "{B8682AF7-AF72-4A44-AD0D-F6C047D5B761}"
EndProject
Project("{9A19103F-16F7-4668-BE54-9A1E7A4F7556}") = "Automata.DataAdapter", "..\Automata.DataObject\Automata.DataAdapter.csproj", "{A4D0CE60-2398-4703-9DD4-492CE159EB89}"
EndProject
Global
	GlobalSection(SolutionConfigurationPlatforms) = preSolution
		Debug|Any CPU = Debug|Any CPU
		Release|Any CPU = Release|Any CPU
	EndGlobalSection
	GlobalSection(ProjectConfigurationPlatforms) = postSolution
		{B5A25B5B-6F1C-40CD-820F-385F5850FE36}.Debug|Any CPU.ActiveCfg = Debug|Any CPU
		{B5A25B5B-6F1C-40CD-820F-385F5850FE36}.Debug|Any CPU.Build.0 = Debug|Any CPU
		{B5A25B5B-6F1C-40CD-820F-385F5850FE36}.Release|Any CPU.ActiveCfg = Release|Any CPU
		{B5A25B5B-6F1C-40CD-820F-385F5850FE36}.Release|Any CPU.Build.0 = Release|Any CPU
		{E9F4617E-CCC4-49F2-80B2-DF2FA6DF766C}.Debug|Any CPU.ActiveCfg = Debug|Any CPU
		{E9F4617E-CCC4-49F2-80B2-DF2FA6DF766C}.Debug|Any CPU.Build.0 = Debug|Any CPU
		{E9F4617E-CCC4-49F2-80B2-DF2FA6DF766C}.Release|Any CPU.ActiveCfg = Release|Any CPU
		{E9F4617E-CCC4-49F2-80B2-DF2FA6DF766C}.Release|Any CPU.Build.0 = Release|Any CPU
		{B92E2A0A-43AD-4915-BB79-1A0D949D8F69}.Debug|Any CPU.ActiveCfg = Debug|Any CPU
		{B92E2A0A-43AD-4915-BB79-1A0D949D8F69}.Debug|Any CPU.Build.0 = Debug|Any CPU
		{B92E2A0A-43AD-4915-BB79-1A0D949D8F69}.Release|Any CPU.ActiveCfg = Release|Any CPU
		{B92E2A0A-43AD-4915-BB79-1A0D949D8F69}.Release|Any CPU.Build.0 = Release|Any CPU
		{39B434F9-7636-41E9-A7A3-DB13A0E7C7A8}.Debug|Any CPU.ActiveCfg = Debug|Any CPU
		{39B434F9-7636-41E9-A7A3-DB13A0E7C7A8}.Debug|Any CPU.Build.0 = Debug|Any CPU
		{39B434F9-7636-41E9-A7A3-DB13A0E7C7A8}.Release|Any CPU.ActiveCfg = Release|Any CPU
		{39B434F9-7636-41E9-A7A3-DB13A0E7C7A8}.Release|Any CPU.Build.0 = Release|Any CPU
		{A4D0CE60-2398-4703-9DD4-492CE159EB89}.Debug|Any CPU.ActiveCfg = Debug|Any CPU
		{A4D0CE60-2398-4703-9DD4-492CE159EB89}.Debug|Any CPU.Build.0 = Debug|Any CPU
		{A4D0CE60-2398-4703-9DD4-492CE159EB89}.Release|Any CPU.ActiveCfg = Release|Any CPU
		{A4D0CE60-2398-4703-9DD4-492CE159EB89}.Release|Any CPU.Build.0 = Release|Any CPU
	EndGlobalSection
	GlobalSection(SolutionProperties) = preSolution
		HideSolutionNode = FALSE
	EndGlobalSection
	GlobalSection(ExtensibilityGlobals) = postSolution
		SolutionGuid = {A5775096-A23E-4181-96E1-D53BB2882ED2}
	EndGlobalSection
	GlobalSection(SharedMSBuildProjectFiles) = preSolution
		..\..\K8s\SharedArchive\SharedArchive.projitems*{b8682af7-af72-4a44-ad0d-f6c047d5b761}*SharedItemsImports = 13
	EndGlobalSection
EndGlobal
